{
  "requires": true,
  "lockfileVersion": 1,
  "dependencies": {
    "@ya.praktikum/react-developer-burger-ui-components": {
      "version": "1.13.1",
      "resolved": "https://registry.npmjs.org/@ya.praktikum/react-developer-burger-ui-components/-/react-developer-burger-ui-components-1.13.1.tgz",
      "integrity": "sha512-j/esyxoMOm18MFHa31cF4eCdUJPNy8601YftqQEM7lwEC5Gp9aQf5+xAnujzCNdhghcQntYJ6Mx3bg2/U8Zx2g==",
      "requires": {
        "clsx": "^1.1.1"
      }
    },
    "clsx": {
      "version": "1.1.1",
      "resolved": "https://registry.npmjs.org/clsx/-/clsx-1.1.1.tgz",
      "integrity": "sha512-6/bPho624p3S2pMyvP5kKBPXnI3ufHLObBFCfgx+LkeR5lg2XYy2hqZqUf45ypD8COn2bhgGJSUE+l5dhNBieA=="
    }
  }
}
